
Microsoft Visual Studio Solution File, Format Version 12.00
# Visual Studio Version 16
VisualStudioVersion = 16.0.31702.278
MinimumVisualStudioVersion = 10.0.40219.1
Project("{FAE04EC0-301F-11D3-BF4B-00C04F79EFBC}") = "Lab5_2_WpfApp", "Lab5_2_WpfApp\Lab5_2_WpfApp.csproj", "{D8B5C91D-EB45-475D-8E60-D0796A0F633A}"
EndProject
Global
	GlobalSection(SolutionConfigurationPlatforms) = preSolution
		Debug|Any CPU = Debug|Any CPU
		Release|Any CPU = Release|Any CPU
	EndGlobalSection
	GlobalSection(ProjectConfigurationPlatforms) = postSolution
		{D8B5C91D-EB45-475D-8E60-D0796A0F633A}.Debug|Any CPU.ActiveCfg = Debug|Any CPU
		{D8B5C91D-EB45-475D-8E60-D0796A0F633A}.Debug|Any CPU.Build.0 = Debug|Any CPU
		{D8B5C91D-EB45-475D-8E60-D0796A0F633A}.Release|Any CPU.ActiveCfg = Release|Any CPU
		{D8B5C91D-EB45-475D-8E60-D0796A0F633A}.Release|Any CPU.Build.0 = Release|Any CPU
	EndGlobalSection
	GlobalSection(SolutionProperties) = preSolution
		HideSolutionNode = FALSE
	EndGlobalSection
	GlobalSection(ExtensibilityGlobals) = postSolution
		SolutionGuid = {3CDA0577-852D-4B6A-9B8B-ECF0836FE9D8}
	EndGlobalSection
EndGlobal
